
Microsoft Visual Studio Solution File, Format Version 12.00
# Visual Studio 15
VisualStudioVersion = 15.0.27428.2037
MinimumVisualStudioVersion = 10.0.40219.1
Project("{8BC9CEB8-8B4A-11D0-8D11-00A0C91BC942}") = "Database_Studentcpp", "Database_Studentcpp\Database_Studentcpp.vcxproj", "{89A876A3-0EA6-4249-8055-F7B4A8267C6A}"
EndProject
Global
	GlobalSection(SolutionConfigurationPlatforms) = preSolution
		Debug|x64 = Debug|x64
		Debug|x86 = Debug|x86
		Release|x64 = Release|x64
		Release|x86 = Release|x86
	EndGlobalSection
	GlobalSection(ProjectConfigurationPlatforms) = postSolution
		{89A876A3-0EA6-4249-8055-F7B4A8267C6A}.Debug|x64.ActiveCfg = Debug|x64
		{89A876A3-0EA6-4249-8055-F7B4A8267C6A}.Debug|x64.Build.0 = Debug|x64
		{89A876A3-0EA6-4249-8055-F7B4A8267C6A}.Debug|x86.ActiveCfg = Debug|Win32
		{89A876A3-0EA6-4249-8055-F7B4A8267C6A}.Debug|x86.Build.0 = Debug|Win32
		{89A876A3-0EA6-4249-8055-F7B4A8267C6A}.Release|x64.ActiveCfg = Release|x64
		{89A876A3-0EA6-4249-8055-F7B4A8267C6A}.Release|x64.Build.0 = Release|x64
		{89A876A3-0EA6-4249-8055-F7B4A8267C6A}.Release|x86.ActiveCfg = Release|Win32
		{89A876A3-0EA6-4249-8055-F7B4A8267C6A}.Release|x86.Build.0 = Release|Win32
	EndGlobalSection
	GlobalSection(SolutionProperties) = preSolution
		HideSolutionNode = FALSE
	EndGlobalSection
	GlobalSection(ExtensibilityGlobals) = postSolution
		SolutionGuid = {4954E7FC-C48B-4360-A128-A9D369CA2BFA}
	EndGlobalSection
EndGlobal
